
Microsoft Visual Studio Solution File, Format Version 12.00
# Visual Studio Version 17
VisualStudioVersion = 17.7.34031.279
MinimumVisualStudioVersion = 10.0.40219.1
Project("{8BC9CEB8-8B4A-11D0-8D11-00A0C91BC942}") = "Restaurant", "Restaurant.vcxproj", "{6B991B99-F674-47C4-B53E-96D4A1F50489}"
EndProject
Global
	GlobalSection(SolutionConfigurationPlatforms) = preSolution
		Debug|x64 = Debug|x64
		Debug|x86 = Debug|x86
		Release|x64 = Release|x64
		Release|x86 = Release|x86
	EndGlobalSection
	GlobalSection(ProjectConfigurationPlatforms) = postSolution
		{6B991B99-F674-47C4-B53E-96D4A1F50489}.Debug|x64.ActiveCfg = Debug|x64
		{6B991B99-F674-47C4-B53E-96D4A1F50489}.Debug|x64.Build.0 = Debug|x64
		{6B991B99-F674-47C4-B53E-96D4A1F50489}.Debug|x86.ActiveCfg = Debug|Win32
		{6B991B99-F674-47C4-B53E-96D4A1F50489}.Debug|x86.Build.0 = Debug|Win32
		{6B991B99-F674-47C4-B53E-96D4A1F50489}.Release|x64.ActiveCfg = Release|x64
		{6B991B99-F674-47C4-B53E-96D4A1F50489}.Release|x64.Build.0 = Release|x64
		{6B991B99-F674-47C4-B53E-96D4A1F50489}.Release|x86.ActiveCfg = Release|Win32
		{6B991B99-F674-47C4-B53E-96D4A1F50489}.Release|x86.Build.0 = Release|Win32
	EndGlobalSection
	GlobalSection(SolutionProperties) = preSolution
		HideSolutionNode = FALSE
	EndGlobalSection
	GlobalSection(ExtensibilityGlobals) = postSolution
		SolutionGuid = {4AA537D9-B1B5-41FB-96B1-9DD059A24751}
	EndGlobalSection
EndGlobal
